
Microsoft Visual Studio Solution File, Format Version 15.00
# Visual Studio 2017
Project("{f2a71f9b-5d33-465a-a702-920d77279786}") = "PuzzleLoader", "PuzzleLoader.fsproj", "{E547F116-41C0-41DF-9EAC-385C2CC0BF4E}"
EndProject
Global
	GlobalSection(SolutionConfigurationPlatforms) = preSolution
		Debug|Any CPU = Debug|Any CPU
		Release|Any CPU = Release|Any CPU
	EndGlobalSection
	GlobalSection(ProjectConfigurationPlatforms) = postSolution
		{E547F116-41C0-41DF-9EAC-385C2CC0BF4E}.Debug|Any CPU.ActiveCfg = Debug|Any CPU
		{E547F116-41C0-41DF-9EAC-385C2CC0BF4E}.Debug|Any CPU.Build.0 = Debug|Any CPU
		{E547F116-41C0-41DF-9EAC-385C2CC0BF4E}.Release|Any CPU.ActiveCfg = Release|Any CPU
		{E547F116-41C0-41DF-9EAC-385C2CC0BF4E}.Release|Any CPU.Build.0 = Release|Any CPU
	EndGlobalSection
EndGlobal
